
Microsoft Visual Studio Solution File, Format Version 12.00
# Visual Studio Version 16
VisualStudioVersion = 16.0.30417.6
MinimumVisualStudioVersion = 15.0.26124.0
Project("{9A19103F-16F7-4668-BE54-9A1E7A4F7556}") = "AnalyzerDocumenter", "AnalyzerDocumenter\AnalyzerDocumenter.csproj", "{0EB0DB69-6127-4476-A0A7-04B9720CEAE1}"
EndProject
Project("{2150E333-8FDC-42A3-9474-1A3956D46DE8}") = "Solution Items", "Solution Items", "{2E274C89-CE91-4A92-A762-20F953ABDA69}"
	ProjectSection(SolutionItems) = preProject
		global.json = global.json
	EndProjectSection
EndProject
Global
	GlobalSection(SolutionConfigurationPlatforms) = preSolution
		Debug|Any CPU = Debug|Any CPU
		Debug|x64 = Debug|x64
		Debug|x86 = Debug|x86
		Release|Any CPU = Release|Any CPU
		Release|x64 = Release|x64
		Release|x86 = Release|x86
	EndGlobalSection
	GlobalSection(ProjectConfigurationPlatforms) = postSolution
		{0EB0DB69-6127-4476-A0A7-04B9720CEAE1}.Debug|Any CPU.ActiveCfg = Debug|Any CPU
		{0EB0DB69-6127-4476-A0A7-04B9720CEAE1}.Debug|Any CPU.Build.0 = Debug|Any CPU
		{0EB0DB69-6127-4476-A0A7-04B9720CEAE1}.Debug|x64.ActiveCfg = Debug|Any CPU
		{0EB0DB69-6127-4476-A0A7-04B9720CEAE1}.Debug|x64.Build.0 = Debug|Any CPU
		{0EB0DB69-6127-4476-A0A7-04B9720CEAE1}.Debug|x86.ActiveCfg = Debug|Any CPU
		{0EB0DB69-6127-4476-A0A7-04B9720CEAE1}.Debug|x86.Build.0 = Debug|Any CPU
		{0EB0DB69-6127-4476-A0A7-04B9720CEAE1}.Release|Any CPU.ActiveCfg = Release|Any CPU
		{0EB0DB69-6127-4476-A0A7-04B9720CEAE1}.Release|Any CPU.Build.0 = Release|Any CPU
		{0EB0DB69-6127-4476-A0A7-04B9720CEAE1}.Release|x64.ActiveCfg = Release|Any CPU
		{0EB0DB69-6127-4476-A0A7-04B9720CEAE1}.Release|x64.Build.0 = Release|Any CPU
		{0EB0DB69-6127-4476-A0A7-04B9720CEAE1}.Release|x86.ActiveCfg = Release|Any CPU
		{0EB0DB69-6127-4476-A0A7-04B9720CEAE1}.Release|x86.Build.0 = Release|Any CPU
	EndGlobalSection
	GlobalSection(SolutionProperties) = preSolution
		HideSolutionNode = FALSE
	EndGlobalSection
	GlobalSection(ExtensibilityGlobals) = postSolution
		SolutionGuid = {283678B9-8872-49E9-86F7-772F861E698C}
	EndGlobalSection
EndGlobal
